
Microsoft Visual Studio Solution File, Format Version 12.00
# Visual Studio Version 17
VisualStudioVersion = 17.2.32630.192
MinimumVisualStudioVersion = 10.0.40219.1
Project("{FAE04EC0-301F-11D3-BF4B-00C04F79EFBC}") = "RedisBenchmark", "RedisBenchmark\RedisBenchmark.csproj", "{B0AEEE26-BA33-4FFD-9804-0C603A908A6D}"
EndProject
Global
	GlobalSection(SolutionConfigurationPlatforms) = preSolution
		Debug|Any CPU = Debug|Any CPU
		Release|Any CPU = Release|Any CPU
	EndGlobalSection
	GlobalSection(ProjectConfigurationPlatforms) = postSolution
		{B0AEEE26-BA33-4FFD-9804-0C603A908A6D}.Debug|Any CPU.ActiveCfg = Debug|Any CPU
		{B0AEEE26-BA33-4FFD-9804-0C603A908A6D}.Debug|Any CPU.Build.0 = Debug|Any CPU
		{B0AEEE26-BA33-4FFD-9804-0C603A908A6D}.Release|Any CPU.ActiveCfg = Release|Any CPU
		{B0AEEE26-BA33-4FFD-9804-0C603A908A6D}.Release|Any CPU.Build.0 = Release|Any CPU
	EndGlobalSection
	GlobalSection(SolutionProperties) = preSolution
		HideSolutionNode = FALSE
	EndGlobalSection
	GlobalSection(ExtensibilityGlobals) = postSolution
		SolutionGuid = {6E6C4BC4-FD57-44F7-BF1D-3548A8F0CB22}
	EndGlobalSection
EndGlobal
